Microsoft Visual Studio Solution File, Format Version 12.00
# Visual Studio Version 17
VisualStudioVersion = 17.5.2.0
MinimumVisualStudioVersion = 10.0.40219.1
Project("{FAE04EC0-301F-11D3-BF4B-00C04F79EFBC}") = "semanticKernelSample1", "semanticKernelSample1.csproj", "{83BEE4F9-AFBA-4186-FF5A-A1F5E8D4A861}"
EndProject
Global
	GlobalSection(SolutionConfigurationPlatforms) = preSolution
		Debug|Any CPU = Debug|Any CPU
		Release|Any CPU = Release|Any CPU
	EndGlobalSection
	GlobalSection(ProjectConfigurationPlatforms) = postSolution
		{83BEE4F9-AFBA-4186-FF5A-A1F5E8D4A861}.Debug|Any CPU.ActiveCfg = Debug|Any CPU
		{83BEE4F9-AFBA-4186-FF5A-A1F5E8D4A861}.Debug|Any CPU.Build.0 = Debug|Any CPU
		{83BEE4F9-AFBA-4186-FF5A-A1F5E8D4A861}.Release|Any CPU.ActiveCfg = Release|Any CPU
		{83BEE4F9-AFBA-4186-FF5A-A1F5E8D4A861}.Release|Any CPU.Build.0 = Release|Any CPU
	EndGlobalSection
	GlobalSection(SolutionProperties) = preSolution
		HideSolutionNode = FALSE
	EndGlobalSection
	GlobalSection(ExtensibilityGlobals) = postSolution
		SolutionGuid = {B5E97A39-30B5-46F2-A7E7-E33E141F68D8}
	EndGlobalSection
EndGlobal
